
Microsoft Visual Studio Solution File, Format Version 12.00
# Visual Studio Version 16
VisualStudioVersion = 16.0.31321.278
MinimumVisualStudioVersion = 10.0.40219.1
Project("{9A19103F-16F7-4668-BE54-9A1E7A4F7556}") = "FolderMakerUtility", "FolderMakerUtility.csproj", "{6EBF1144-D29A-4417-80AF-D1D70F2D75E4}"
EndProject
Global
	GlobalSection(SolutionConfigurationPlatforms) = preSolution
		Debug|Any CPU = Debug|Any CPU
		Release|Any CPU = Release|Any CPU
	EndGlobalSection
	GlobalSection(ProjectConfigurationPlatforms) = postSolution
		{6EBF1144-D29A-4417-80AF-D1D70F2D75E4}.Debug|Any CPU.ActiveCfg = Debug|Any CPU
		{6EBF1144-D29A-4417-80AF-D1D70F2D75E4}.Debug|Any CPU.Build.0 = Debug|Any CPU
		{6EBF1144-D29A-4417-80AF-D1D70F2D75E4}.Release|Any CPU.ActiveCfg = Release|Any CPU
		{6EBF1144-D29A-4417-80AF-D1D70F2D75E4}.Release|Any CPU.Build.0 = Release|Any CPU
	EndGlobalSection
	GlobalSection(SolutionProperties) = preSolution
		HideSolutionNode = FALSE
	EndGlobalSection
	GlobalSection(ExtensibilityGlobals) = postSolution
		SolutionGuid = {40F17BB8-59DF-46E4-B06C-9E580B1AEFF0}
	EndGlobalSection
EndGlobal
